// !$*UTF8*$!
{
	archiveVersion = 1;
	classes = {
	};
	objectVersion = 48;
	objects = {

/* Begin PBXBuildFile section */
		657D71F9AFDE0A453AC6EC76 /* Pods_sleepRecorder.framework in Frameworks */ = {isa = PBXBuildFile; fileRef = E39F7A35A2153FE253944BCF /* Pods_sleepRecorder.framework */; };
		F676AE422040EFFF006DA69E /* recordingListVC.swift in Sources */ = {isa = PBXBuildFile; fileRef = F676AE412040EFFF006DA69E /* recordingListVC.swift */; };
		F676AE442040F02C006DA69E /* mainViewVC.swift in Sources */ = {isa = PBXBuildFile; fileRef = F676AE432040F02C006DA69E /* mainViewVC.swift */; };
		F685EB9D2032516100BDBC06 /* AppDelegate.swift in Sources */ = {isa = PBXBuildFile; fileRef = F685EB9C2032516100BDBC06 /* AppDelegate.swift */; };
		F685EB9F2032516100BDBC06 /* recorderControler.swift in Sources */ = {isa = PBXBuildFile; fileRef = F685EB9E2032516100BDBC06 /* recorderControler.swift */; };
		F685EBA22032516100BDBC06 /* Main.storyboard in Resources */ = {isa = PBXBuildFile; fileRef = F685EBA02032516100BDBC06 /* Main.storyboard */; };
		F685EBA42032516100BDBC06 /* Assets.xcassets in Resources */ = {isa = PBXBuildFile; fileRef = F685EBA32032516100BDBC06 /* Assets.xcassets */; };
		F685EBA72032516100BDBC06 /* LaunchScreen.storyboard in Resources */ = {isa = PBXBuildFile; fileRef = F685EBA52032516100BDBC06 /* LaunchScreen.storyboard */; };
		F685EBAF2032519F00BDBC06 /* extension.swift in Sources */ = {isa = PBXBuildFile; fileRef = F685EBAE2032519F00BDBC06 /* extension.swift */; };
		F685EBB32032525400BDBC06 /* MainView.swift in Sources */ = {isa = PBXBuildFile; fileRef = F685EBB22032525400BDBC06 /* MainView.swift */; };
		F6B14E2920354EC5006E3E71 /* Recorder.swift in Sources */ = {isa = PBXBuildFile; fileRef = F6B14E2820354EC5006E3E71 /* Recorder.swift */; };
/* End PBXBuildFile section */

/* Begin PBXFileReference section */
		4B0A623358CEEC261D9D4142 /* Pods-sleepRecorder.release.xcconfig */ = {isa = PBXFileReference; includeInIndex = 1; lastKnownFileType = text.xcconfig; name = "Pods-sleepRecorder.release.xcconfig"; path = "Pods/Target Support Files/Pods-sleepRecorder/Pods-sleepRecorder.release.xcconfig"; sourceTree = "<group>"; };
		E39F7A35A2153FE253944BCF /* Pods_sleepRecorder.framework */ = {isa = PBXFileReference; explicitFileType = wrapper.framework; includeInIndex = 0; path = Pods_sleepRecorder.framework; sourceTree = BUILT_PRODUCTS_DIR; };
		EDF496DCC5124F380CF309F0 /* Pods-sleepRecorder.debug.xcconfig */ = {isa = PBXFileReference; includeInIndex = 1; lastKnownFileType = text.xcconfig; name = "Pods-sleepRecorder.debug.xcconfig"; path = "Pods/Target Support Files/Pods-sleepRecorder/Pods-sleepRecorder.debug.xcconfig"; sourceTree = "<group>"; };
		F676AE412040EFFF006DA69E /* recordingListVC.swift */ = {isa = PBXFileReference; lastKnownFileType = sourcecode.swift; path = recordingListVC.swift; sourceTree = "<group>"; };
		F676AE432040F02C006DA69E /* mainViewVC.swift */ = {isa = PBXFileReference; lastKnownFileType = sourcecode.swift; path = mainViewVC.swift; sourceTree = "<group>"; };
		F685EB992032516100BDBC06 /* sleepRecorder.app */ = {isa = PBXFileReference; explicitFileType = wrapper.application; includeInIndex = 0; path = sleepRecorder.app; sourceTree = BUILT_PRODUCTS_DIR; };
		F685EB9C2032516100BDBC06 /* AppDelegate.swift */ = {isa = PBXFileReference; lastKnownFileType = sourcecode.swift; path = AppDelegate.swift; sourceTree = "<group>"; };
		F685EB9E2032516100BDBC06 /* recorderControler.swift */ = {isa = PBXFileReference; lastKnownFileType = sourcecode.swift; path = recorderControler.swift; sourceTree = "<group>"; };
		F685EBA12032516100BDBC06 /* Base */ = {isa = PBXFileReference; lastKnownFileType = file.storyboard; name = Base; path = Base.lproj/Main.storyboard; sourceTree = "<group>"; };
		F685EBA32032516100BDBC06 /* Assets.xcassets */ = {isa = PBXFileReference; lastKnownFileType = folder.assetcatalog; path = Assets.xcassets; sourceTree = "<group>"; };
		F685EBA62032516100BDBC06 /* Base */ = {isa = PBXFileReference; lastKnownFileType = file.storyboard; name = Base; path = Base.lproj/LaunchScreen.storyboard; sourceTree = "<group>"; };
		F685EBA82032516100BDBC06 /* Info.plist */ = {isa = PBXFileReference; lastKnownFileType = text.plist.xml; path = Info.plist; sourceTree = "<group>"; };
		F685EBAE2032519F00BDBC06 /* extension.swift */ = {isa = PBXFileReference; lastKnownFileType = sourcecode.swift; path = extension.swift; sourceTree = "<group>"; };
		F685EBB22032525400BDBC06 /* MainView.swift */ = {isa = PBXFileReference; lastKnownFileType = sourcecode.swift; path = MainView.swift; sourceTree = "<group>"; };
		F6B14E2820354EC5006E3E71 /* Recorder.swift */ = {isa = PBXFileReference; lastKnownFileType = sourcecode.swift; path = Recorder.swift; sourceTree = "<group>"; };
/* End PBXFileReference section */

/* Begin PBXFrameworksBuildPhase section */
		F685EB962032516100BDBC06 /* Frameworks */ = {
			isa = PBXFrameworksBuildPhase;
			buildActionMask = 2147483647;
			files = (
				657D71F9AFDE0A453AC6EC76 /* Pods_sleepRecorder.framework in Frameworks */,
			);
			runOnlyForDeploymentPostprocessing = 0;
		};
/* End PBXFrameworksBuildPhase section */

/* Begin PBXGroup section */
		3644C114296ABB67E29DEB3D /* Pods */ = {
			isa = PBXGroup;
			children = (
				EDF496DCC5124F380CF309F0 /* Pods-sleepRecorder.debug.xcconfig */,
				4B0A623358CEEC261D9D4142 /* Pods-sleepRecorder.release.xcconfig */,
			);
			name = Pods;
			sourceTree = "<group>";
		};
		4DC0AFDEDFC2889A925F5ACF /* Frameworks */ = {
			isa = PBXGroup;
			children = (
				E39F7A35A2153FE253944BCF /* Pods_sleepRecorder.framework */,
			);
			name = Frameworks;
			sourceTree = "<group>";
		};
		F685EB902032516100BDBC06 = {
			isa = PBXGroup;
			children = (
				F685EB9B2032516100BDBC06 /* sleepRecorder */,
				F685EB9A2032516100BDBC06 /* Products */,
				3644C114296ABB67E29DEB3D /* Pods */,
				4DC0AFDEDFC2889A925F5ACF /* Frameworks */,
			);
			sourceTree = "<group>";
		};
		F685EB9A2032516100BDBC06 /* Products */ = {
			isa = PBXGroup;
			children = (
				F685EB992032516100BDBC06 /* sleepRecorder.app */,
			);
			name = Products;
			sourceTree = "<group>";
		};
		F685EB9B2032516100BDBC06 /* sleepRecorder */ = {
			isa = PBXGroup;
			children = (
				F6B14E2720354E9B006E3E71 /* Model */,
				F685EBB1203251E300BDBC06 /* View */,
				F685EBB0203251D100BDBC06 /* Controller */,
				F685EB9C2032516100BDBC06 /* AppDelegate.swift */,
				F685EBA02032516100BDBC06 /* Main.storyboard */,
				F685EBAE2032519F00BDBC06 /* extension.swift */,
				F685EBA32032516100BDBC06 /* Assets.xcassets */,
				F685EBA52032516100BDBC06 /* LaunchScreen.storyboard */,
				F685EBA82032516100BDBC06 /* Info.plist */,
			);
			path = sleepRecorder;
			sourceTree = "<group>";
		};
		F685EBB0203251D100BDBC06 /* Controller */ = {
			isa = PBXGroup;
			children = (
				F685EB9E2032516100BDBC06 /* recorderControler.swift */,
				F676AE412040EFFF006DA69E /* recordingListVC.swift */,
				F676AE432040F02C006DA69E /* mainViewVC.swift */,
			);
			path = Controller;
			sourceTree = "<group>";
		};
		F685EBB1203251E300BDBC06 /* View */ = {
			isa = PBXGroup;
			children = (
				F685EBB22032525400BDBC06 /* MainView.swift */,
			);
			path = View;
			sourceTree = "<group>";
		};
		F6B14E2720354E9B006E3E71 /* Model */ = {
			isa = PBXGroup;
			children = (
				F6B14E2820354EC5006E3E71 /* Recorder.swift */,
			);
			path = Model;
			sourceTree = "<group>";
		};
/* End PBXGroup section */

/* Begin PBXNativeTarget section */
		F685EB982032516100BDBC06 /* sleepRecorder */ = {
			isa = PBXNativeTarget;
			buildConfigurationList = F685EBAB2032516100BDBC06 /* Build configuration list for PBXNativeTarget "sleepRecorder" */;
			buildPhases = (
				FFBDE2812F2464E97CFBA184 /* [CP] Check Pods Manifest.lock */,
				F685EB952032516100BDBC06 /* Sources */,
				F685EB962032516100BDBC06 /* Frameworks */,
				F685EB972032516100BDBC06 /* Resources */,
				F177E218EB3CAE1085E0640A /* [CP] Embed Pods Frameworks */,
				C57671126A4E2D4A222EED56 /* [CP] Copy Pods Resources */,
			);
			buildRules = (
			);
			dependencies = (
			);
			name = sleepRecorder;
			productName = sleepRecorder;
			productReference = F685EB992032516100BDBC06 /* sleepRecorder.app */;
			productType = "com.apple.product-type.application";
		};
/* End PBXNativeTarget section */

/* Begin PBXProject section */
		F685EB912032516100BDBC06 /* Project object */ = {
			isa = PBXProject;
			attributes = {
				LastSwiftUpdateCheck = 0920;
				LastUpgradeCheck = 0920;
				ORGANIZATIONNAME = "macbook pro";
				TargetAttributes = {
					F685EB982032516100BDBC06 = {
						CreatedOnToolsVersion = 9.2;
						ProvisioningStyle = Automatic;
					};
				};
			};
			buildConfigurationList = F685EB942032516100BDBC06 /* Build configuration list for PBXProject "sleepRecorder" */;
			compatibilityVersion = "Xcode 8.0";
			developmentRegion = en;
			hasScannedForEncodings = 0;
			knownRegions = (
				en,
				Base,
			);
			mainGroup = F685EB902032516100BDBC06;
			productRefGroup = F685EB9A2032516100BDBC06 /* Products */;
			projectDirPath = "";
			projectRoot = "";
			targets = (
				F685EB982032516100BDBC06 /* sleepRecorder */,
			);
		};
/* End PBXProject section */

/* Begin PBXResourcesBuildPhase section */
		F685EB972032516100BDBC06 /* Resources */ = {
			isa = PBXResourcesBuildPhase;
			buildActionMask = 2147483647;
			files = (
				F685EBA72032516100BDBC06 /* LaunchScreen.storyboard in Resources */,
				F685EBA42032516100BDBC06 /* Assets.xcassets in Resources */,
				F685EBA22032516100BDBC06 /* Main.storyboard in Resources */,
			);
			runOnlyForDeploymentPostprocessing = 0;
		};
/* End PBXResourcesBuildPhase section */

/* Begin PBXShellScriptBuildPhase section */
		C57671126A4E2D4A222EED56 /* [CP] Copy Pods Resources */ = {
			isa = PBXShellScriptBuildPhase;
			buildActionMask = 2147483647;
			files = (
			);
			inputPaths = (
			);
			name = "[CP] Copy Pods Resources";
			outputPaths = (
			);
			runOnlyForDeploymentPostprocessing = 0;
			shellPath = /bin/sh;
			shellScript = "\"${SRCROOT}/Pods/Target Support Files/Pods-sleepRecorder/Pods-sleepRecorder-resources.sh\"\n";
			showEnvVarsInLog = 0;
		};
		F177E218EB3CAE1085E0640A /* [CP] Embed Pods Frameworks */ = {
			isa = PBXShellScriptBuildPhase;
			buildActionMask = 2147483647;
			files = (
			);
			inputPaths = (
			);
			name = "[CP] Embed Pods Frameworks";
			outputPaths = (
			);
			runOnlyForDeploymentPostprocessing = 0;
			shellPath = /bin/sh;
			shellScript = "\"${SRCROOT}/Pods/Target Support Files/Pods-sleepRecorder/Pods-sleepRecorder-frameworks.sh\"\n";
			showEnvVarsInLog = 0;
		};
		FFBDE2812F2464E97CFBA184 /* [CP] Check Pods Manifest.lock */ = {
			isa = PBXShellScriptBuildPhase;
			buildActionMask = 2147483647;
			files = (
			);
			inputPaths = (
			);
			name = "[CP] Check Pods Manifest.lock";
			outputPaths = (
			);
			runOnlyForDeploymentPostprocessing = 0;
			shellPath = /bin/sh;
			shellScript = "diff \"${PODS_PODFILE_DIR_PATH}/Podfile.lock\" \"${PODS_ROOT}/Manifest.lock\" > /dev/null\nif [ $? != 0 ] ; then\n    # print error to STDERR\n    echo \"error: The sandbox is not in sync with the Podfile.lock. Run 'pod install' or update your CocoaPods installation.\" >&2\n    exit 1\nfi\n";
			showEnvVarsInLog = 0;
		};
/* End PBXShellScriptBuildPhase section */

/* Begin PBXSourcesBuildPhase section */
		F685EB952032516100BDBC06 /* Sources */ = {
			isa = PBXSourcesBuildPhase;
			buildActionMask = 2147483647;
			files = (
				F6B14E2920354EC5006E3E71 /* Recorder.swift in Sources */,
				F685EBAF2032519F00BDBC06 /* extension.swift in Sources */,
				F685EBB32032525400BDBC06 /* MainView.swift in Sources */,
				F685EB9F2032516100BDBC06 /* recorderControler.swift in Sources */,
				F676AE442040F02C006DA69E /* mainViewVC.swift in Sources */,
				F676AE422040EFFF006DA69E /* recordingListVC.swift in Sources */,
				F685EB9D2032516100BDBC06 /* AppDelegate.swift in Sources */,
			);
			runOnlyForDeploymentPostprocessing = 0;
		};
/* End PBXSourcesBuildPhase section */

/* Begin PBXVariantGroup section */
		F685EBA02032516100BDBC06 /* Main.storyboard */ = {
			isa = PBXVariantGroup;
			children = (
				F685EBA12032516100BDBC06 /* Base */,
			);
			name = Main.storyboard;
			sourceTree = "<group>";
		};
		F685EBA52032516100BDBC06 /* LaunchScreen.storyboard */ = {
			isa = PBXVariantGroup;
			children = (
				F685EBA62032516100BDBC06 /* Base */,
			);
			name = LaunchScreen.storyboard;
			sourceTree = "<group>";
		};
/* End PBXVariantGroup section */

/* Begin XCBuildConfiguration section */
		F685EBA92032516100BDBC06 /* Debug */ = {
			isa = XCBuildConfiguration;
			buildSettings = {
				ALWAYS_SEARCH_USER_PATHS = NO;
				CLANG_ANALYZER_NONNULL = YES;
				CLANG_ANALYZER_NUMBER_OBJECT_CONVERSION = YES_AGGRESSIVE;
				CLANG_CXX_LANGUAGE_STANDARD = "gnu++14";
				CLANG_CXX_LIBRARY = "libc++";
				CLANG_ENABLE_MODULES = YES;
				CLANG_ENABLE_OBJC_ARC = YES;
				CLANG_WARN_BLOCK_CAPTURE_AUTORELEASING = YES;
				CLANG_WARN_BOOL_CONVERSION = YES;
				CLANG_WARN_COMMA = YES;
				CLANG_WARN_CONSTANT_CONVERSION = YES;
				CLANG_WARN_DIRECT_OBJC_ISA_USAGE = YES_ERROR;
				CLANG_WARN_DOCUMENTATION_COMMENTS = YES;
				CLANG_WARN_EMPTY_BODY = YES;
				CLANG_WARN_ENUM_CONVERSION = YES;
				CLANG_WARN_INFINITE_RECURSION = YES;
				CLANG_WARN_INT_CONVERSION = YES;
				CLANG_WARN_NON_LITERAL_NULL_CONVERSION = YES;
				CLANG_WARN_OBJC_LITERAL_CONVERSION = YES;
				CLANG_WARN_OBJC_ROOT_CLASS = YES_ERROR;
				CLANG_WARN_RANGE_LOOP_ANALYSIS = YES;
				CLANG_WARN_STRICT_PROTOTYPES = YES;
				CLANG_WARN_SUSPICIOUS_MOVE = YES;
				CLANG_WARN_UNGUARDED_AVAILABILITY = YES_AGGRESSIVE;
				CLANG_WARN_UNREACHABLE_CODE = YES;
				CLANG_WARN__DUPLICATE_METHOD_MATCH = YES;
				CODE_SIGN_IDENTITY = "iPhone Developer";
				COPY_PHASE_STRIP = NO;
				DEBUG_INFORMATION_FORMAT = dwarf;
				ENABLE_STRICT_OBJC_MSGSEND = YES;
				ENABLE_TESTABILITY = YES;
				GCC_C_LANGUAGE_STANDARD = gnu11;
				GCC_DYNAMIC_NO_PIC = NO;
				GCC_NO_COMMON_BLOCKS = YES;
				GCC_OPTIMIZATION_LEVEL = 0;
				GCC_PREPROCESSOR_DEFINITIONS = (
					"DEBUG=1",
					"$(inherited)",
				);
				GCC_WARN_64_TO_32_BIT_CONVERSION = YES;
				GCC_WARN_ABOUT_RETURN_TYPE = YES_ERROR;
				GCC_WARN_UNDECLARED_SELECTOR = YES;
				GCC_WARN_UNINITIALIZED_AUTOS = YES_AGGRESSIVE;
				GCC_WARN_UNUSED_FUNCTION = YES;
				GCC_WARN_UNUSED_VARIABLE = YES;
				IPHONEOS_DEPLOYMENT_TARGET = 11.2;
				MTL_ENABLE_DEBUG_INFO = YES;
				ONLY_ACTIVE_ARCH = YES;
				SDKROOT = iphoneos;
				SWIFT_ACTIVE_COMPILATION_CONDITIONS = DEBUG;
				SWIFT_OPTIMIZATION_LEVEL = "-Onone";
			};
			name = Debug;
		};
		F685EBAA2032516100BDBC06 /* Release */ = {
			isa = XCBuildConfiguration;
			buildSettings = {
				ALWAYS_SEARCH_USER_PATHS = NO;
				CLANG_ANALYZER_NONNULL = YES;
				CLANG_ANALYZER_NUMBER_OBJECT_CONVERSION = YES_AGGRESSIVE;
				CLANG_CXX_LANGUAGE_STANDARD = "gnu++14";
				CLANG_CXX_LIBRARY = "libc++";
				CLANG_ENABLE_MODULES = YES;
				CLANG_ENABLE_OBJC_ARC = YES;
				CLANG_WARN_BLOCK_CAPTURE_AUTORELEASING = YES;
				CLANG_WARN_BOOL_CONVERSION = YES;
				CLANG_WARN_COMMA = YES;
				CLANG_WARN_CONSTANT_CONVERSION = YES;
				CLANG_WARN_DIRECT_OBJC_ISA_USAGE = YES_ERROR;
				CLANG_WARN_DOCUMENTATION_COMMENTS = YES;
				CLANG_WARN_EMPTY_BODY = YES;
				CLANG_WARN_ENUM_CONVERSION = YES;
				CLANG_WARN_INFINITE_RECURSION = YES;
				CLANG_WARN_INT_CONVERSION = YES;
				CLANG_WARN_NON_LITERAL_NULL_CONVERSION = YES;
				CLANG_WARN_OBJC_LITERAL_CONVERSION = YES;
				CLANG_WARN_OBJC_ROOT_CLASS = YES_ERROR;
				CLANG_WARN_RANGE_LOOP_ANALYSIS = YES;
				CLANG_WARN_STRICT_PROTOTYPES = YES;
				CLANG_WARN_SUSPICIOUS_MOVE = YES;
				CLANG_WARN_UNGUARDED_AVAILABILITY = YES_AGGRESSIVE;
				CLANG_WARN_UNREACHABLE_CODE = YES;
				CLANG_WARN__DUPLICATE_METHOD_MATCH = YES;
				CODE_SIGN_IDENTITY = "iPhone Developer";
				COPY_PHASE_STRIP = NO;
				DEBUG_INFORMATION_FORMAT = "dwarf-with-dsym";
				ENABLE_NS_ASSERTIONS = NO;
				ENABLE_STRICT_OBJC_MSGSEND = YES;
				GCC_C_LANGUAGE_STANDARD = gnu11;
				GCC_NO_COMMON_BLOCKS = YES;
				GCC_WARN_64_TO_32_BIT_CONVERSION = YES;
				GCC_WARN_ABOUT_RETURN_TYPE = YES_ERROR;
				GCC_WARN_UNDECLARED_SELECTOR = YES;
				GCC_WARN_UNINITIALIZED_AUTOS = YES_AGGRESSIVE;
				GCC_WARN_UNUSED_FUNCTION = YES;
				GCC_WARN_UNUSED_VARIABLE = YES;
				IPHONEOS_DEPLOYMENT_TARGET = 11.2;
				MTL_ENABLE_DEBUG_INFO = NO;
				SDKROOT = iphoneos;
				SWIFT_OPTIMIZATION_LEVEL = "-Owholemodule";
				VALIDATE_PRODUCT = YES;
			};
			name = Release;
		};
		F685EBAC2032516100BDBC06 /* Debug */ = {
			isa = XCBuildConfiguration;
			baseConfigurationReference = EDF496DCC5124F380CF309F0 /* Pods-sleepRecorder.debug.xcconfig */;
			buildSettings = {
				ASSETCATALOG_COMPILER_APPICON_NAME = AppIcon;
				CODE_SIGN_STYLE = Automatic;
				DEVELOPMENT_TEAM = JZV8WHB3W7;
				INFOPLIST_FILE = sleepRecorder/Info.plist;
				LD_RUNPATH_SEARCH_PATHS = "$(inherited) @executable_path/Frameworks";
				PRODUCT_BUNDLE_IDENTIFIER = donezio.sleepRecorder;
				PRODUCT_NAME = "$(TARGET_NAME)";
				SWIFT_VERSION = 4.0;
				TARGETED_DEVICE_FAMILY = "1,2";
			};
			name = Debug;
		};
		F685EBAD2032516100BDBC06 /* Release */ = {
			isa = XCBuildConfiguration;
			baseConfigurationReference = 4B0A623358CEEC261D9D4142 /* Pods-sleepRecorder.release.xcconfig */;
			buildSettings = {
				ASSETCATALOG_COMPILER_APPICON_NAME = AppIcon;
				CODE_SIGN_STYLE = Automatic;
				DEVELOPMENT_TEAM = JZV8WHB3W7;
				INFOPLIST_FILE = sleepRecorder/Info.plist;
				LD_RUNPATH_SEARCH_PATHS = "$(inherited) @executable_path/Frameworks";
				PRODUCT_BUNDLE_IDENTIFIER = donezio.sleepRecorder;
				PRODUCT_NAME = "$(TARGET_NAME)";
				SWIFT_VERSION = 4.0;
				TARGETED_DEVICE_FAMILY = "1,2";
			};
			name = Release;
		};
/* End XCBuildConfiguration section */

/* Begin XCConfigurationList section */
		F685EB942032516100BDBC06 /* Build configuration list for PBXProject "sleepRecorder" */ = {
			isa = XCConfigurationList;
			buildConfigurations = (
				F685EBA92032516100BDBC06 /* Debug */,
				F685EBAA2032516100BDBC06 /* Release */,
			);
			defaultConfigurationIsVisible = 0;
			defaultConfigurationName = Release;
		};
		F685EBAB2032516100BDBC06 /* Build configuration list for PBXNativeTarget "sleepRecorder" */ = {
			isa = XCConfigurationList;
			buildConfigurations = (
				F685EBAC2032516100BDBC06 /* Debug */,
				F685EBAD2032516100BDBC06 /* Release */,
			);
			defaultConfigurationIsVisible = 0;
			defaultConfigurationName = Release;
		};
/* End XCConfigurationList section */
	};
	rootObject = F685EB912032516100BDBC06 /* Project object */;
}
